github.com/bndr/gotabulate v1.1.3-0.20170315142410-bc555436bfd5 h1:D48YSLPNJ8WpdwDqYF8bMMKUB2bgdWEiFx1MGwPIdbs=
github.com/bndr/gotabulate v1.1.3-0.20170315142410-bc555436bfd5/go.mod h1:0+8yUgaPTtLRTjf49E8oju7ojpU11YmXyvq1LbPAb3U=
github.com/davecgh/go-spew v1.1.0 h1:ZDRjVQ15GmhC3fiQ8ni8+OwkZQO4DARzQgrnXU1Liz8=
github.com/davecgh/go-spew v1.1.0/go.mod h1:J7Y8YcW2NihsgmVo/mv3lAwl/skON4iLHjSsI+c5H38=
github.com/elazarl/go-bindata-assetfs v1.0.0 h1:G/bYguwHIzWq9ZoyUQqrjTmJbbYn3j3CKKpKinvZLFk=
github.com/elazarl/go-bindata-assetfs v1.0.0/go.mod h1:v+YaWX3bdea5J/mo8dSETolEo7R71Vk1u8bnjau5yw4=
github.com/fsnotify/fsnotify v1.4.7 h1:IXs+QLmnXW2CcXuY+8Mzv/fWEsPGWxqefPtCP5CnV9I=
github.com/fsnotify/fsnotify v1.4.7/go.mod h1:jwhsz4b93w/PPRr/qN1Yymfu8t87LnFCMoQvtojpjFo=
github.com/gorhill/cronexpr v0.0.0-20161205141322-d520615e531a h1:yNuTIQkXLNAevCwQJ7ur3ZPoZPhbvAi6QXhJ/ylX6+8=
github.com/gorhill/cronexpr v0.0.0-20161205141322-d520615e531a/go.mod h1:g2644b03hfBX9Ov0ZBDgXXens4rxSxmqFBbhvKv2yVA=
github.com/gorilla/context v1.1.1 h1:AWwleXJkX/nhcU9bZSnZoi3h/qGYqQAGhq6zZe/aQW8=
github.com/gorilla/context v1.1.1/go.mod h1:kBGZzfjB9CEq2AlWe17Uuf7NDRt0dE0s8S51q0aT7Yg=
github.com/gorilla/mux v1.6.1 h1:KOwqsTYZdeuMacU7CxjMNYEKeBvLbxW+psodrbcEa3A=
github.com/gorilla/mux v1.6.1/go.mod h1:1lud6UwP+6orDFRuTfBEV8e9/aOM/c4fVVCaMa2zaAs=
github.com/gorilla/websocket v1.2.1-0.20180201015256-4ac909741dfa h1:hhH/eMQVmq77i5UNR1bX5GGQE5AT/+Xg11kKjMAGYwc=
github.com/gorilla/websocket v1.2.1-0.20180201015256-4ac909741dfa/go.mod h1:E7qHFY5m1UJ88s3WnNqhKjPHQ0heANvMoAMk2YaljkQ=
github.com/harenber/ptc-go v2.0.2+incompatible h1:uv/jHlv2RbOo0DZsfdWFFwdSdg9Zp7SiULif9DXYV8o=
github.com/harenber/ptc-go v2.0.2+incompatible/go.mod h1:AoWDyvM2qfCIDkkDfd/XRfKB5Vglv7e/jMZ01j0PIxQ=
github.com/howeyc/gopass v0.0.0-20170109162249-bf9dde6d0d2c h1:kQWxfPIHVLbgLzphqk3QUflDy9QdksZR4ygR807bpy0=
github.com/howeyc/gopass v0.0.0-20170109162249-bf9dde6d0d2c/go.mod h1:lADxMC39cJJqL93Duh1xhAs4I2Zs8mKS89XWXFGp9cs=
github.com/jteeuwen/go-bindata v3.0.8-0.20151023091102-a0ff2567cfb7+incompatible h1:KTM14h3AKWWcPf5IWS/pcFTZosRmoqdIYzqi0mMG7es=
github.com/jteeuwen/go-bindata v3.0.8-0.20151023091102-a0ff2567cfb7+incompatible/go.mod h1:JVvhzYOiGBnFSYRyV00iY8q7/0PThjIYav1p9h5dmKs=
github.com/la5nta/wl2k-go v0.7.2 h1:TKAtVA4eXuQXcHmmTNnm+VlcajlMuXahcYSIb5Ic6vg=
github.com/la5nta/wl2k-go v0.7.2/go.mod h1:rTQaxPiAFD3pWGWN8Lh+BskN3Fpii84GoVwpTHNiCjE=
github.com/mattn/go-runewidth v0.0.3-0.20170510074858-97311d9f7767 h1:/Df5WsCmjFyY0AT2fgEvlF2fHQ6sWyuRzgYXvgSh4ec=
github.com/mattn/go-runewidth v0.0.3-0.20170510074858-97311d9f7767/go.mod h1:LwmH8dsx7+W8Uxz3IHJYH5QSwggIsqBzpuz5H//U1FU=
github.com/microcosm-cc/bluemonday v0.0.0-20171222152607-542fd4642604 h1:BbG6VMVavjbhIsD7Hoscfz+wExp1hY+pmk+7Agc4J74=
github.com/microcosm-cc/bluemonday v0.0.0-20171222152607-542fd4642604/go.mod h1:hsXNsILzKxV+sX77C5b8FSuKF00vh2OMYv+xgHpAMF4=
github.com/nfnt/resize v0.0.0-20160724205520-891127d8d1b5 h1:BvoENQQU+fZ9uukda/RzCAL/191HHwJA5b13R6diVlY=
github.com/nfnt/resize v0.0.0-20160724205520-891127d8d1b5/go.mod h1:jpp1/29i3P1S/RLdc7JQKbRpFeM1dOBd8T9ki5s+AY8=
github.com/paulrosania/go-charset v0.0.0-20151028000031-621bb39fcc83 h1:XQonH5Iv5rbyIkMJOQ4xKmKHQTh8viXtRSmep5Ca5I4=
github.com/paulrosania/go-charset v0.0.0-20151028000031-621bb39fcc83/go.mod h1:YnNlZP7l4MhyGQ4CBRwv6ohZTPrUJJZtEv4ZgADkbs4=
github.com/pd0mz/go-maidenhead v0.0.0-20170221185439-faa09c24425e h1:Wi4WahFJ11u42ofsl3BdI7y7TiAoCH4yDXei/IQuAzw=
github.com/pd0mz/go-maidenhead v0.0.0-20170221185439-faa09c24425e/go.mod h1:4Q+QSDCqWqlabstLGUVm47rAcL06nEEty2d3KzsTNMk=
github.com/peterh/liner v1.0.1-0.20171122030339-3681c2a91233 h1:jmJndGFBPjNWW+MAYarU/Nl8QrQVzbw4B/AYE0LzETo=
github.com/peterh/liner v1.0.1-0.20171122030339-3681c2a91233/go.mod h1:xIteQHvHuaLYG9IFj6mSxM0fCKrs34IrEQUhOYuGPHc=
github.com/pmezard/go-difflib v1.0.0 h1:4DBwDE0NGyQoBHbLQYPwSUPoCMWR5BEzIk/f1lZbAQM=
github.com/pmezard/go-difflib v1.0.0/go.mod h1:iKH77koFhYxTK1pcRnkKkqfTogsbg7gZNVY4sRDYZ/4=
github.com/spf13/pflag v1.0.0 h1:oaPbdDe/x0UncahuwiPxW1GYJyilRAdsPnq3e1yaPcI=
github.com/spf13/pflag v1.0.0/go.mod h1:DYY7MBk1bdzusC3SYhjObp+wFpr4gzcvqqNjLnInEg4=
github.com/stretchr/objx v0.1.0/go.mod h1:HFkY916IF+rwdDfMAkV7OtwuqBVzrE8GR6GFx+wExME=
github.com/stretchr/testify v1.5.1 h1:nOGnQDM7FYENwehXlg/kFVnos3rEvtKTjRvOWSzb6H4=
github.com/stretchr/testify v1.5.1/go.mod h1:5W2xD1RspED5o8YsWQXVCued0rvSQ+mT+I5cxcmMvtA=
github.com/tarm/goserial v0.0.0-20151007205400-b3440c3c6355 h1:Kp3kg8YL2dc75mckomrHZQTfzNyFGnaqFhJeQw4ozGc=
github.com/tarm/goserial v0.0.0-20151007205400-b3440c3c6355/go.mod h1:jcMo2Odv5FpDA6rp8bnczbUolcICW6t54K3s9gOlgII=
github.com/tarm/serial v0.0.0-20180114052751-eaafced92e96 h1:pLss0TM/G46eE2p8NIRYIlB12vrPvWXiqDoCKA52wwQ=
github.com/tarm/serial v0.0.0-20180114052751-eaafced92e96/go.mod h1:kDXzergiv9cbyO7IOYJZWg1U88JhDg3PB6klq9Hg2pA=
golang.org/x/crypto v0.0.0-20170720175935-691496433715 h1:fAitKEIRjdAxgeKpqWrLfuNeJhHOFT2lkfHkHwqEsmM=
golang.org/x/crypto v0.0.0-20170720175935-691496433715/go.mod h1:6SG95UA2DQfeDnfUPMdvaQW0Q7yPrPDi9nlGo2tz2b4=
golang.org/x/net v0.0.0-20170721033204-ab5485076ff3 h1:ech7AnQSc0Co690VXugI2YBicKHJwkjZJKaa76BGG84=
golang.org/x/net v0.0.0-20170721033204-ab5485076ff3/go.mod h1:mL1N/T3taQHkDXs73rZJwtUhF3w3ftmwwsq0BUmARs4=
golang.org/x/sys v0.0.0-20170721163517-c4489faa6e5a h1:8KvbXgrIMDssOA6vHwmODQ7KZgoDdlu3fhUPtHXbEEY=
golang.org/x/sys v0.0.0-20170721163517-c4489faa6e5a/go.mod h1:STP8DvDyc/dI5b8T5hshtkjS+E42TnysNCUPdjciGhY=
gopkg.in/check.v1 v0.0.0-20161208181325-20d25e280405 h1:yhCVgyC4o1eVCa2tZl7eS0r+SDo693bJlVdllGtEeKM=
gopkg.in/check.v1 v0.0.0-20161208181325-20d25e280405/go.mod h1:Co6ibVJAznAaIkqp8huTwlJQCZ016jof/cbN4VW5Yz0=
gopkg.in/yaml.v2 v2.2.2 h1:ZCJp+EgiOT7lHqUV2J862kp8Qj64Jo6az82+3Td9dZw=
gopkg.in/yaml.v2 v2.2.2/go.mod h1:hI93XBmqTisBFMUTm0b8Fm+jr3Dg1NNxqwp+5A1VGuI=
